
Microsoft Visual Studio Solution File, Format Version 12.00
# Visual Studio Version 17
VisualStudioVersion = 17.11.35327.3
MinimumVisualStudioVersion = 10.0.40219.1
Project("{9A19103F-16F7-4668-BE54-9A1E7A4F7556}") = "BlazorApp", "BlazorApp\BlazorApp.csproj", "{89C3C508-0E93-4F4E-BD00-785F8E2A9A51}"
EndProject
Global
	GlobalSection(SolutionConfigurationPlatforms) = preSolution
		Debug|Any CPU = Debug|Any CPU
		Release|Any CPU = Release|Any CPU
	EndGlobalSection
	GlobalSection(ProjectConfigurationPlatforms) = postSolution
		{89C3C508-0E93-4F4E-BD00-785F8E2A9A51}.Debug|Any CPU.ActiveCfg = Debug|Any CPU
		{89C3C508-0E93-4F4E-BD00-785F8E2A9A51}.Debug|Any CPU.Build.0 = Debug|Any CPU
		{89C3C508-0E93-4F4E-BD00-785F8E2A9A51}.Release|Any CPU.ActiveCfg = Release|Any CPU
		{89C3C508-0E93-4F4E-BD00-785F8E2A9A51}.Release|Any CPU.Build.0 = Release|Any CPU
	EndGlobalSection
	GlobalSection(SolutionProperties) = preSolution
		HideSolutionNode = FALSE
	EndGlobalSection
	GlobalSection(ExtensibilityGlobals) = postSolution
		SolutionGuid = {FC65E502-65CA-44AA-AB1D-25799D16271B}
	EndGlobalSection
EndGlobal
